{
  "version": 4,
  "terraform_version": "1.1.0",
  "serial": 2,
  "lineage": "e6da59c0-13de-a333-d6e9-e350a6c81edf",
  "outputs": {
    "pet_name": {
      "value": "nicely-credible-ferret",
      "type": "string"
    }
  },
  "resources": [
    {
      "mode": "managed",
      "type": "random_pet",
      "name": "pet_name",
      "provider": "provider[\"registry.terraform.io/hashicorp/random\"]",
      "instances": [
        {
          "schema_version": 0,
          "attributes": {
            "id": "nicely-credible-ferret",
            "keepers": null,
            "length": 3,
            "prefix": null,
            "separator": "-"
          },
          "sensitive_attributes": [],
          "private": "bnVsbA=="
        }
      ]
    }
  ]
}
